
Microsoft Visual Studio Solution File, Format Version 12.00
# Visual Studio Version 17
VisualStudioVersion = 17.1.32210.238
MinimumVisualStudioVersion = 10.0.40219.1
Project("{FAE04EC0-301F-11D3-BF4B-00C04F79EFBC}") = "Find Max Problem using Generics", "Find Max Problem using Generics\Find Max Problem using Generics.csproj", "{EB971795-F721-4053-9371-BAE874311804}"
EndProject
Global
	GlobalSection(SolutionConfigurationPlatforms) = preSolution
		Debug|Any CPU = Debug|Any CPU
		Release|Any CPU = Release|Any CPU
	EndGlobalSection
	GlobalSection(ProjectConfigurationPlatforms) = postSolution
		{EB971795-F721-4053-9371-BAE874311804}.Debug|Any CPU.ActiveCfg = Debug|Any CPU
		{EB971795-F721-4053-9371-BAE874311804}.Debug|Any CPU.Build.0 = Debug|Any CPU
		{EB971795-F721-4053-9371-BAE874311804}.Release|Any CPU.ActiveCfg = Release|Any CPU
		{EB971795-F721-4053-9371-BAE874311804}.Release|Any CPU.Build.0 = Release|Any CPU
	EndGlobalSection
	GlobalSection(SolutionProperties) = preSolution
		HideSolutionNode = FALSE
	EndGlobalSection
	GlobalSection(ExtensibilityGlobals) = postSolution
		SolutionGuid = {D326809A-992A-4A7E-84D8-440C42E275C1}
	EndGlobalSection
EndGlobal
